Microsoft Visual Studio Solution File, Format Version 12.00
# Visual Studio Version 17
VisualStudioVersion = 17.5.2.0
MinimumVisualStudioVersion = 10.0.40219.1
Project("{FAE04EC0-301F-11D3-BF4B-00C04F79EFBC}") = "ParkNews", "ParkNews.csproj", "{69A4AF57-13D8-FFB9-CD32-5C159BFFF190}"
EndProject
Global
	GlobalSection(SolutionConfigurationPlatforms) = preSolution
		Debug|Any CPU = Debug|Any CPU
		Release|Any CPU = Release|Any CPU
	EndGlobalSection
	GlobalSection(ProjectConfigurationPlatforms) = postSolution
		{69A4AF57-13D8-FFB9-CD32-5C159BFFF190}.Debug|Any CPU.ActiveCfg = Debug|Any CPU
		{69A4AF57-13D8-FFB9-CD32-5C159BFFF190}.Debug|Any CPU.Build.0 = Debug|Any CPU
		{69A4AF57-13D8-FFB9-CD32-5C159BFFF190}.Release|Any CPU.ActiveCfg = Release|Any CPU
		{69A4AF57-13D8-FFB9-CD32-5C159BFFF190}.Release|Any CPU.Build.0 = Release|Any CPU
	EndGlobalSection
	GlobalSection(SolutionProperties) = preSolution
		HideSolutionNode = FALSE
	EndGlobalSection
	GlobalSection(ExtensibilityGlobals) = postSolution
		SolutionGuid = {52D85B9E-043C-4E02-8E42-E6C392B4D8AB}
	EndGlobalSection
EndGlobal
